
Microsoft Visual Studio Solution File, Format Version 12.00
# Visual Studio 15
VisualStudioVersion = 15.0.28010.2036
MinimumVisualStudioVersion = 10.0.40219.1
Project("{FAE04EC0-301F-11D3-BF4B-00C04F79EFBC}") = "MemoryHacking Tool", "MemoryHacking Tool\MemoryHacking Tool.csproj", "{979C1423-185B-4EF2-9ED1-A1FAB0AD31D6}"
EndProject
Global
	GlobalSection(SolutionConfigurationPlatforms) = preSolution
		Debug|Any CPU = Debug|Any CPU
		Release|Any CPU = Release|Any CPU
	EndGlobalSection
	GlobalSection(ProjectConfigurationPlatforms) = postSolution
		{979C1423-185B-4EF2-9ED1-A1FAB0AD31D6}.Debug|Any CPU.ActiveCfg = Debug|Any CPU
		{979C1423-185B-4EF2-9ED1-A1FAB0AD31D6}.Debug|Any CPU.Build.0 = Debug|Any CPU
		{979C1423-185B-4EF2-9ED1-A1FAB0AD31D6}.Release|Any CPU.ActiveCfg = Release|Any CPU
		{979C1423-185B-4EF2-9ED1-A1FAB0AD31D6}.Release|Any CPU.Build.0 = Release|Any CPU
	EndGlobalSection
	GlobalSection(SolutionProperties) = preSolution
		HideSolutionNode = FALSE
	EndGlobalSection
	GlobalSection(ExtensibilityGlobals) = postSolution
		SolutionGuid = {D6C8C856-90A2-485D-88A3-CC708E9497ED}
	EndGlobalSection
EndGlobal
